
Microsoft Visual Studio Solution File, Format Version 12.00
# Visual Studio 15
VisualStudioVersion = 15.0.27703.2047
MinimumVisualStudioVersion = 10.0.40219.1
Project("{FAE04EC0-301F-11D3-BF4B-00C04F79EFBC}") = "yingyong", "yingyong\yingyong.csproj", "{6C34B5D9-0B1F-42BE-9C8F-6331EBA06D23}"
EndProject
Global
	GlobalSection(SolutionConfigurationPlatforms) = preSolution
		Debug|Any CPU = Debug|Any CPU
		Release|Any CPU = Release|Any CPU
	EndGlobalSection
	GlobalSection(ProjectConfigurationPlatforms) = postSolution
		{6C34B5D9-0B1F-42BE-9C8F-6331EBA06D23}.Debug|Any CPU.ActiveCfg = Debug|Any CPU
		{6C34B5D9-0B1F-42BE-9C8F-6331EBA06D23}.Debug|Any CPU.Build.0 = Debug|Any CPU
		{6C34B5D9-0B1F-42BE-9C8F-6331EBA06D23}.Release|Any CPU.ActiveCfg = Release|Any CPU
		{6C34B5D9-0B1F-42BE-9C8F-6331EBA06D23}.Release|Any CPU.Build.0 = Release|Any CPU
	EndGlobalSection
	GlobalSection(SolutionProperties) = preSolution
		HideSolutionNode = FALSE
	EndGlobalSection
	GlobalSection(ExtensibilityGlobals) = postSolution
		SolutionGuid = {4B2F2C6B-6A7C-4F0A-9FD6-CF025482B3B1}
	EndGlobalSection
EndGlobal
